
Microsoft Visual Studio Solution File, Format Version 12.00
# Visual Studio Version 17
VisualStudioVersion = 17.2.32630.192
MinimumVisualStudioVersion = 10.0.40219.1
Project("{9A19103F-16F7-4668-BE54-9A1E7A4F7556}") = "SignalRClient", "SignalRClient\SignalRClient.csproj", "{5D31713E-6CAB-4F3C-891F-B00B1090570A}"
EndProject
Project("{9A19103F-16F7-4668-BE54-9A1E7A4F7556}") = "SignalRServerHub", "SignalRServerHub\SignalRServerHub.csproj", "{6EAA5F2B-C1B0-48D2-9E99-628DE67A58B5}"
EndProject

Global
	GlobalSection(SolutionConfigurationPlatforms) = preSolution
		Debug|Any CPU = Debug|Any CPU
		Release|Any CPU = Release|Any CPU
	EndGlobalSection
	GlobalSection(ProjectConfigurationPlatforms) = postSolution
		{5D31713E-6CAB-4F3C-891F-B00B1090570A}.Debug|Any CPU.ActiveCfg = Debug|Any CPU
		{5D31713E-6CAB-4F3C-891F-B00B1090570A}.Debug|Any CPU.Build.0 = Debug|Any CPU
		{5D31713E-6CAB-4F3C-891F-B00B1090570A}.Release|Any CPU.ActiveCfg = Release|Any CPU
		{5D31713E-6CAB-4F3C-891F-B00B1090570A}.Release|Any CPU.Build.0 = Release|Any CPU
		{6EAA5F2B-C1B0-48D2-9E99-628DE67A58B5}.Debug|Any CPU.ActiveCfg = Debug|Any CPU
		{6EAA5F2B-C1B0-48D2-9E99-628DE67A58B5}.Debug|Any CPU.Build.0 = Debug|Any CPU
		{6EAA5F2B-C1B0-48D2-9E99-628DE67A58B5}.Release|Any CPU.ActiveCfg = Release|Any CPU
		{6EAA5F2B-C1B0-48D2-9E99-628DE67A58B5}.Release|Any CPU.Build.0 = Release|Any CPU
	EndGlobalSection
	GlobalSection(SolutionProperties) = preSolution
		HideSolutionNode = FALSE
	EndGlobalSection
	GlobalSection(ExtensibilityGlobals) = postSolution
		SolutionGuid = {DA26969B-C73C-456F-A3F3-C08697ABEE27}
	EndGlobalSection
EndGlobal
