
Microsoft Visual Studio Solution File, Format Version 12.00
# Visual Studio Version 16
VisualStudioVersion = 16.0.31019.35
MinimumVisualStudioVersion = 10.0.40219.1
Project("{9A19103F-16F7-4668-BE54-9A1E7A4F7556}") = "DemoLoggingCoreSimple", "DemoLoggingCoreSimple.csproj", "{1F6436E4-6046-4099-91F5-308B1E52B35E}"
EndProject
Global
	GlobalSection(SolutionConfigurationPlatforms) = preSolution
		Debug|Any CPU = Debug|Any CPU
		Release|Any CPU = Release|Any CPU
	EndGlobalSection
	GlobalSection(ProjectConfigurationPlatforms) = postSolution
		{1F6436E4-6046-4099-91F5-308B1E52B35E}.Debug|Any CPU.ActiveCfg = Debug|Any CPU
		{1F6436E4-6046-4099-91F5-308B1E52B35E}.Debug|Any CPU.Build.0 = Debug|Any CPU
		{1F6436E4-6046-4099-91F5-308B1E52B35E}.Release|Any CPU.ActiveCfg = Release|Any CPU
		{1F6436E4-6046-4099-91F5-308B1E52B35E}.Release|Any CPU.Build.0 = Release|Any CPU
	EndGlobalSection
	GlobalSection(SolutionProperties) = preSolution
		HideSolutionNode = FALSE
	EndGlobalSection
	GlobalSection(ExtensibilityGlobals) = postSolution
		SolutionGuid = {BD5873D9-237E-4A11-BB03-1F6C3DB08034}
	EndGlobalSection
EndGlobal
