
Microsoft Visual Studio Solution File, Format Version 12.00
# Visual Studio Version 17
VisualStudioVersion = 17.13.36105.23 d17.13
MinimumVisualStudioVersion = 10.0.40219.1
Project("{FAE04EC0-301F-11D3-BF4B-00C04F79EFBC}") = "VNC.UIApproaches", "VNC.UIApproaches\VNC.UIApproaches.csproj", "{FE932FAB-84E9-4677-99F5-92597D250F0F}"
EndProject
Global
	GlobalSection(SolutionConfigurationPlatforms) = preSolution
		Debug|Any CPU = Debug|Any CPU
		Release|Any CPU = Release|Any CPU
	EndGlobalSection
	GlobalSection(ProjectConfigurationPlatforms) = postSolution
		{FE932FAB-84E9-4677-99F5-92597D250F0F}.Debug|Any CPU.ActiveCfg = Debug|Any CPU
		{FE932FAB-84E9-4677-99F5-92597D250F0F}.Debug|Any CPU.Build.0 = Debug|Any CPU
		{FE932FAB-84E9-4677-99F5-92597D250F0F}.Release|Any CPU.ActiveCfg = Release|Any CPU
		{FE932FAB-84E9-4677-99F5-92597D250F0F}.Release|Any CPU.Build.0 = Release|Any CPU
	EndGlobalSection
	GlobalSection(SolutionProperties) = preSolution
		HideSolutionNode = FALSE
	EndGlobalSection
	GlobalSection(ExtensibilityGlobals) = postSolution
		SolutionGuid = {ED58D6D4-CAB0-4E07-82A8-44586D3B19BE}
	EndGlobalSection
EndGlobal
