
Microsoft Visual Studio Solution File, Format Version 12.00
# Visual Studio Version 17
VisualStudioVersion = 17.0.31912.275
MinimumVisualStudioVersion = 10.0.40219.1
Project("{9A19103F-16F7-4668-BE54-9A1E7A4F7556}") = "VNC.Logging", "VNC.Logging\VNC.Logging.csproj", "{D1336CE7-1CF4-4776-BD70-908A0D1AA81B}"
EndProject
Project("{F184B08F-C81C-45F6-A57F-5ABD9991F28F}") = "TestLoggingNF", "TestLogging\TestLoggingNF.vbproj", "{D9644A1B-913F-4A7E-83E3-6561EED3086D}"
EndProject
Project("{FAE04EC0-301F-11D3-BF4B-00C04F79EFBC}") = "TestLoggingDLLNF", "TestLoggingDLL\TestLoggingDLLNF.csproj", "{DD4C82B5-F59D-4015-8F6B-505B09A4F86F}"
EndProject
Project("{9A19103F-16F7-4668-BE54-9A1E7A4F7556}") = "DemoLoggingSimple", "DemoLLoggingSimple\DemoLoggingSimple.csproj", "{9D767E35-B8BA-48C5-B936-A08CB2FEA017}"
EndProject
Project("{9A19103F-16F7-4668-BE54-9A1E7A4F7556}") = "VNC.Logging.TraceListeners.SignalRListener", "VNC.Logging.TraceListeners\SignalRListener\VNC.Logging.TraceListeners.SignalRListener.csproj", "{DB5CD995-4336-4F58-B238-54AA3782B1EC}"
EndProject
Project("{9A19103F-16F7-4668-BE54-9A1E7A4F7556}") = "SignalRServerHub", "SignalR\AspNet\SignalRServerHub\SignalRServerHub.csproj", "{2F315BEC-40B6-4B4B-878D-75A9F459811E}"
EndProject
Project("{9A19103F-16F7-4668-BE54-9A1E7A4F7556}") = "SignalRClient", "SignalR\AspNet\SignalRClient\SignalRClient.csproj", "{1EC0EE20-0953-4967-9BAA-DF8811157B08}"
EndProject
Project("{9A19103F-16F7-4668-BE54-9A1E7A4F7556}") = "SignalRCoreClientWPF", "SignalR\AspNetCore\SignalRCoreClientWPF\SignalRCoreClientWPF.csproj", "{8BAF684E-3F38-47A3-AFB9-18388163B32F}"
EndProject
Project("{9A19103F-16F7-4668-BE54-9A1E7A4F7556}") = "SignalRCoreServerHubWPF", "SignalR\AspNetCore\SignalRCoreServerHubWPF\SignalRCoreServerHubWPF.csproj", "{E2850176-15A2-4543-A0D8-5A154FD18064}"
EndProject
Project("{9A19103F-16F7-4668-BE54-9A1E7A4F7556}") = "VNC.Logging.TraceListeners.SignalRCoreListener", "VNC.Logging.TraceListeners\SignalRCoreListener\VNC.Logging.TraceListeners.SignalRCoreListener.csproj", "{BD1F43DF-92B6-453A-9462-5264F8353B14}"
EndProject
Project("{9A19103F-16F7-4668-BE54-9A1E7A4F7556}") = "VNC.Logging.TraceListeners.SignalRCoreListeners", "VNC.Logging.TraceListeners\SignalRCoreListeners\VNC.Logging.TraceListeners.SignalRCoreListeners.csproj", "{69FA6432-0BB5-4785-B347-FF3C9CD20273}"
EndProject
Global
	GlobalSection(SolutionConfigurationPlatforms) = preSolution
		Debug|Any CPU = Debug|Any CPU
		Release|Any CPU = Release|Any CPU
	EndGlobalSection
	GlobalSection(ProjectConfigurationPlatforms) = postSolution
		{D1336CE7-1CF4-4776-BD70-908A0D1AA81B}.Debug|Any CPU.ActiveCfg = Debug|Any CPU
		{D1336CE7-1CF4-4776-BD70-908A0D1AA81B}.Debug|Any CPU.Build.0 = Debug|Any CPU
		{D1336CE7-1CF4-4776-BD70-908A0D1AA81B}.Release|Any CPU.ActiveCfg = Release|Any CPU
		{D1336CE7-1CF4-4776-BD70-908A0D1AA81B}.Release|Any CPU.Build.0 = Release|Any CPU
		{D9644A1B-913F-4A7E-83E3-6561EED3086D}.Debug|Any CPU.ActiveCfg = Debug|Any CPU
		{D9644A1B-913F-4A7E-83E3-6561EED3086D}.Debug|Any CPU.Build.0 = Debug|Any CPU
		{D9644A1B-913F-4A7E-83E3-6561EED3086D}.Release|Any CPU.ActiveCfg = Release|Any CPU
		{D9644A1B-913F-4A7E-83E3-6561EED3086D}.Release|Any CPU.Build.0 = Release|Any CPU
		{DD4C82B5-F59D-4015-8F6B-505B09A4F86F}.Debug|Any CPU.ActiveCfg = Debug|Any CPU
		{DD4C82B5-F59D-4015-8F6B-505B09A4F86F}.Debug|Any CPU.Build.0 = Debug|Any CPU
		{DD4C82B5-F59D-4015-8F6B-505B09A4F86F}.Release|Any CPU.ActiveCfg = Release|Any CPU
		{DD4C82B5-F59D-4015-8F6B-505B09A4F86F}.Release|Any CPU.Build.0 = Release|Any CPU
		{9D767E35-B8BA-48C5-B936-A08CB2FEA017}.Debug|Any CPU.ActiveCfg = Debug|Any CPU
		{9D767E35-B8BA-48C5-B936-A08CB2FEA017}.Debug|Any CPU.Build.0 = Debug|Any CPU
		{9D767E35-B8BA-48C5-B936-A08CB2FEA017}.Release|Any CPU.ActiveCfg = Release|Any CPU
		{9D767E35-B8BA-48C5-B936-A08CB2FEA017}.Release|Any CPU.Build.0 = Release|Any CPU
		{DB5CD995-4336-4F58-B238-54AA3782B1EC}.Debug|Any CPU.ActiveCfg = Debug|Any CPU
		{DB5CD995-4336-4F58-B238-54AA3782B1EC}.Debug|Any CPU.Build.0 = Debug|Any CPU
		{DB5CD995-4336-4F58-B238-54AA3782B1EC}.Release|Any CPU.ActiveCfg = Release|Any CPU
		{DB5CD995-4336-4F58-B238-54AA3782B1EC}.Release|Any CPU.Build.0 = Release|Any CPU
		{2F315BEC-40B6-4B4B-878D-75A9F459811E}.Debug|Any CPU.ActiveCfg = Debug|Any CPU
		{2F315BEC-40B6-4B4B-878D-75A9F459811E}.Debug|Any CPU.Build.0 = Debug|Any CPU
		{2F315BEC-40B6-4B4B-878D-75A9F459811E}.Release|Any CPU.ActiveCfg = Release|Any CPU
		{2F315BEC-40B6-4B4B-878D-75A9F459811E}.Release|Any CPU.Build.0 = Release|Any CPU
		{1EC0EE20-0953-4967-9BAA-DF8811157B08}.Debug|Any CPU.ActiveCfg = Debug|Any CPU
		{1EC0EE20-0953-4967-9BAA-DF8811157B08}.Debug|Any CPU.Build.0 = Debug|Any CPU
		{1EC0EE20-0953-4967-9BAA-DF8811157B08}.Release|Any CPU.ActiveCfg = Release|Any CPU
		{1EC0EE20-0953-4967-9BAA-DF8811157B08}.Release|Any CPU.Build.0 = Release|Any CPU
		{8BAF684E-3F38-47A3-AFB9-18388163B32F}.Debug|Any CPU.ActiveCfg = Debug|Any CPU
		{8BAF684E-3F38-47A3-AFB9-18388163B32F}.Debug|Any CPU.Build.0 = Debug|Any CPU
		{8BAF684E-3F38-47A3-AFB9-18388163B32F}.Release|Any CPU.ActiveCfg = Release|Any CPU
		{8BAF684E-3F38-47A3-AFB9-18388163B32F}.Release|Any CPU.Build.0 = Release|Any CPU
		{E2850176-15A2-4543-A0D8-5A154FD18064}.Debug|Any CPU.ActiveCfg = Debug|Any CPU
		{E2850176-15A2-4543-A0D8-5A154FD18064}.Debug|Any CPU.Build.0 = Debug|Any CPU
		{E2850176-15A2-4543-A0D8-5A154FD18064}.Release|Any CPU.ActiveCfg = Release|Any CPU
		{E2850176-15A2-4543-A0D8-5A154FD18064}.Release|Any CPU.Build.0 = Release|Any CPU
		{BD1F43DF-92B6-453A-9462-5264F8353B14}.Debug|Any CPU.ActiveCfg = Debug|Any CPU
		{BD1F43DF-92B6-453A-9462-5264F8353B14}.Debug|Any CPU.Build.0 = Debug|Any CPU
		{BD1F43DF-92B6-453A-9462-5264F8353B14}.Release|Any CPU.ActiveCfg = Release|Any CPU
		{BD1F43DF-92B6-453A-9462-5264F8353B14}.Release|Any CPU.Build.0 = Release|Any CPU
		{69FA6432-0BB5-4785-B347-FF3C9CD20273}.Debug|Any CPU.ActiveCfg = Debug|Any CPU
		{69FA6432-0BB5-4785-B347-FF3C9CD20273}.Debug|Any CPU.Build.0 = Debug|Any CPU
		{69FA6432-0BB5-4785-B347-FF3C9CD20273}.Release|Any CPU.ActiveCfg = Release|Any CPU
		{69FA6432-0BB5-4785-B347-FF3C9CD20273}.Release|Any CPU.Build.0 = Release|Any CPU
	EndGlobalSection
	GlobalSection(SolutionProperties) = preSolution
		HideSolutionNode = FALSE
	EndGlobalSection
	GlobalSection(ExtensibilityGlobals) = postSolution
		SolutionGuid = {E6C2E39D-545E-46B9-AB6B-8BB9C050426C}
	EndGlobalSection
EndGlobal
